{
  "name": "@inboxapi/cli",
  "version": "0.2.13",
  "lockfileVersion": 3,
  "requires": true,
  "packages": {
    "": {
      "name": "@inboxapi/cli",
      "version": "0.2.13",
      "license": "MIT",
      "dependencies": {
        "@inboxapi/cli": "^0.2.13"
      },
      "bin": {
        "inboxapi": "index.js"
      },
      "optionalDependencies": {
        "@inboxapi/cli-darwin-arm64": "0.1.0",
        "@inboxapi/cli-darwin-x64": "0.1.0",
        "@inboxapi/cli-linux-arm64": "0.1.0",
        "@inboxapi/cli-linux-x64": "0.1.0",
        "@inboxapi/cli-win32-x64": "0.1.0"
      }
    },
    "node_modules/@inboxapi/cli": {
      "version": "0.2.13",
      "resolved": "https://registry.npmjs.org/@inboxapi/cli/-/cli-0.2.13.tgz",
      "integrity": "sha512-7lKpmgEDkNhaOiInMLL3QlVv4lhh28bsMLbDI5AAT28wao9Oo2WdPbRP8YM0MLL7A6oVdNw874lOUWGTCLtkKQ==",
      "license": "MIT",
      "bin": {
        "inboxapi": "index.js"
      },
      "optionalDependencies": {
        "@inboxapi/cli-darwin-arm64": "0.2.13",
        "@inboxapi/cli-darwin-x64": "0.2.13",
        "@inboxapi/cli-linux-arm64": "0.2.13",
        "@inboxapi/cli-linux-x64": "0.2.13",
        "@inboxapi/cli-win32-x64": "0.2.13"
      }
    },
    "node_modules/@inboxapi/cli-darwin-arm64": {
      "version": "0.1.0",
      "resolved": "https://registry.npmjs.org/@inboxapi/cli-darwin-arm64/-/cli-darwin-arm64-0.1.0.tgz",
      "integrity": "sha512-NM6yQCJsh8iygC56lzzDELPyn2QDlYSzlSd1u92llWOA1Eo7wCLmt4siRR6Q7wxP/goKcO2tkDRJvtljQH8PLQ==",
      "cpu": [
        "arm64"
      ],
      "license": "MIT",
      "optional": true,
      "os": [
        "darwin"
      ]
    },
    "node_modules/@inboxapi/cli-darwin-x64": {
      "version": "0.1.0",
      "resolved": "https://registry.npmjs.org/@inboxapi/cli-darwin-x64/-/cli-darwin-x64-0.1.0.tgz",
      "integrity": "sha512-Od49jT2LK58yN67Vqa8SPyZjaq5avan+JaHQNTROjCEObxu5gao3q85uLnqH4s84xMrk1gzMzjBgwvfgwcOS4w==",
      "cpu": [
        "x64"
      ],
      "license": "MIT",
      "optional": true,
      "os": [
        "darwin"
      ]
    },
    "node_modules/@inboxapi/cli-linux-arm64": {
      "version": "0.1.0",
      "resolved": "https://registry.npmjs.org/@inboxapi/cli-linux-arm64/-/cli-linux-arm64-0.1.0.tgz",
      "integrity": "sha512-KvRCLtN38n8CWtZSm5rfwWYyl33aSL4stHCT2GUE3VOb/LCyMBfHx8OOufQ3FCrw4hXK2cppcucVEN34hvxFHw==",
      "cpu": [
        "arm64"
      ],
      "license": "MIT",
      "optional": true,
      "os": [
        "linux"
      ]
    },
    "node_modules/@inboxapi/cli-linux-x64": {
      "version": "0.1.0",
      "resolved": "https://registry.npmjs.org/@inboxapi/cli-linux-x64/-/cli-linux-x64-0.1.0.tgz",
      "integrity": "sha512-feY+eUET7Ik+wtjx14g4BBd/1JLpHk/uWTygteLxHsVm/lVNGJGsWGoq/x3BxFGZzHnEFxAZPW1IwIaQoGgdhg==",
      "cpu": [
        "x64"
      ],
      "license": "MIT",
      "optional": true,
      "os": [
        "linux"
      ]
    },
    "node_modules/@inboxapi/cli-win32-x64": {
      "version": "0.1.0",
      "resolved": "https://registry.npmjs.org/@inboxapi/cli-win32-x64/-/cli-win32-x64-0.1.0.tgz",
      "integrity": "sha512-8iPHlUlfCV/oi9Dwcv5x9tbQF8uiJ+oqDcsZXQiqDhQrud8Nqtc96YSBAIo1I9n32bkUE8QcRQyM/VCKNyEnbA==",
      "cpu": [
        "x64"
      ],
      "license": "MIT",
      "optional": true,
      "os": [
        "win32"
      ]
    },
    "node_modules/@inboxapi/cli/node_modules/@inboxapi/cli-darwin-arm64": {
      "version": "0.2.13",
      "resolved": "https://registry.npmjs.org/@inboxapi/cli-darwin-arm64/-/cli-darwin-arm64-0.2.13.tgz",
      "integrity": "sha512-ULBdq+WZoGyPfuseBvDoRsI1qxiXzWpcs6vW+O8BuWXkqbkZMAinI/G+lntzZtETPGkDSYVodD3PHQ/kXzufxg==",
      "cpu": [
        "arm64"
      ],
      "license": "MIT",
      "optional": true,
      "os": [
        "darwin"
      ]
    },
    "node_modules/@inboxapi/cli/node_modules/@inboxapi/cli-darwin-x64": {
      "version": "0.2.13",
      "resolved": "https://registry.npmjs.org/@inboxapi/cli-darwin-x64/-/cli-darwin-x64-0.2.13.tgz",
      "integrity": "sha512-woICLwoW7OkHNjVX7TXz0dHySjiDtYvCuVy3+JPAFPOwa5MU0602PXSkrYQzo3hvJqejs2A2THCJVlOsoQgoeA==",
      "cpu": [
        "x64"
      ],
      "license": "MIT",
      "optional": true,
      "os": [
        "darwin"
      ]
    },
    "node_modules/@inboxapi/cli/node_modules/@inboxapi/cli-linux-arm64": {
      "version": "0.2.13",
      "resolved": "https://registry.npmjs.org/@inboxapi/cli-linux-arm64/-/cli-linux-arm64-0.2.13.tgz",
      "integrity": "sha512-NuEuW0o3NSizwOtO+5BJZip32be3Ph4V5LkYugtmNXVP8CQOZhhUXTKnJsJrBCr0zEzoqxXvtmctxRFuQrQe5w==",
      "cpu": [
        "arm64"
      ],
      "license": "MIT",
      "optional": true,
      "os": [
        "linux"
      ]
    },
    "node_modules/@inboxapi/cli/node_modules/@inboxapi/cli-linux-x64": {
      "version": "0.2.13",
      "resolved": "https://registry.npmjs.org/@inboxapi/cli-linux-x64/-/cli-linux-x64-0.2.13.tgz",
      "integrity": "sha512-kR6GebeOUl9RkzqlmRxHAZtL9DPyqvS7YQJD/zyRsZjhQD5pqFKcvtylzLjAyLnrOiDpeiaJI0EVATx0YLsaNw==",
      "cpu": [
        "x64"
      ],
      "license": "MIT",
      "optional": true,
      "os": [
        "linux"
      ]
    },
    "node_modules/@inboxapi/cli/node_modules/@inboxapi/cli-win32-x64": {
      "version": "0.2.13",
      "resolved": "https://registry.npmjs.org/@inboxapi/cli-win32-x64/-/cli-win32-x64-0.2.13.tgz",
      "integrity": "sha512-LlQm1DUHJSSPK5slst+OgMxBThaTJG0XONEmiLZUM3vMpnLpC7QB9/GWTTBoKl4gBhIYrSggnQu2bqc0SgegWg==",
      "cpu": [
        "x64"
      ],
      "license": "MIT",
      "optional": true,
      "os": [
        "win32"
      ]
    }
  }
}
